{
  "version": 4,
  "terraform_version": "1.6.6",
  "serial": 61,
  "lineage": "cc23adbc-aeb6-6959-fb64-d2162c5d9e1e",
  "outputs": {},
  "resources": [
    {
      "mode": "managed",
      "type": "aws_key_pair",
      "name": "terr_key",
      "provider": "provider[\"registry.terraform.io/hashicorp/aws\"]",
      "instances": [
        {
          "schema_version": 1,
          "attributes": {
            "arn": "arn:aws:ec2:us-east-1:137303788895:key-pair/ter_inst_key",
            "fingerprint": "e3:3b:31:6a:5f:41:54:96:eb:1d:77:2b:5b:b9:87:50",
            "id": "ter_inst_key",
            "key_name": "ter_inst_key",
            "key_name_prefix": "",
            "key_pair_id": "key-0d3f699f5ebeee759",
            "key_type": "rsa",
            "public_key": "ssh-rsa AAAAB3NzaC1yc2EAAAADAQABAAABgQCqKVMio9uO+8KpeVB7teJ1MUtnGC6GG9coTU0YelGs267DTE7FbIm+30/bvOvLGoZg9TTDgeKxM3oRcW8WX68sExoGIbeQoR7dTRx7Qd7KW0mSLXcS1A2cIYbu7TGwSnis/woZbDVmlkQ67qvBXR6qmhe3YAoMNzauAIJQvdZeFGMUVMgY/MSWj4IFcQquyyWM2FtB6JWR9eUXnlNyzZdnuhl8uZ5rU9dZ6ZYd55RaznkBrnaUSb+vwqxSLL0lsw3kkQTyz+cTSrwVkt9SOQ3MlJKr1cENlvGXTC9EhyiQaPmZC6Uk01Kvuza9B090NrcHczIsNug9iVnSYxuUXH+rrd0cKoevu/urAJXQMhHQ5CV847oNmnZB3fFZAL4wUgMVGqG8tSwO0kOdOjqDsw8v2oIb8ZKBtEy9ua5lbaijQGXAmESXzqcT4+O2+1PHQhtRbprvvUQZqoiEWjGh+G5qv7UWWAfvjaQGOtlr66j6SLOYvOMiJ0D/4y8VT25TG2k= arsalanzeb@Arsalans-MacBook-Air.local",
            "tags": null,
            "tags_all": {}
          },
          "sensitive_attributes": [],
          "private": "eyJzY2hlbWFfdmVyc2lvbiI6IjEifQ=="
        }
      ]
    }
  ],
  "check_results": null
}
